
Microsoft Visual Studio Solution File, Format Version 12.00
# Visual Studio Version 16
VisualStudioVersion = 16.0.31112.23
MinimumVisualStudioVersion = 10.0.40219.1
Project("{9A19103F-16F7-4668-BE54-9A1E7A4F7556}") = "Api", "Api.csproj", "{C3D2DE8D-CDD4-40EF-8537-B82FF2A48987}"
EndProject
Project("{9A19103F-16F7-4668-BE54-9A1E7A4F7556}") = "Library.Account", "..\Library\Account\Library.Account.csproj", "{E649E5D2-6207-4F52-A214-1E02A274517F}"
EndProject
Project("{9A19103F-16F7-4668-BE54-9A1E7A4F7556}") = "Library.Application", "..\Library\Application\Library.Application.csproj", "{ED53EA6A-F832-4B18-A773-DE86B76C70CB}"
EndProject
Project("{9A19103F-16F7-4668-BE54-9A1E7A4F7556}") = "Library.Location", "..\Library\Location\Library.Location.csproj", "{6E7C3302-AAF3-4894-B692-0B36F893013D}"
EndProject
Project("{9A19103F-16F7-4668-BE54-9A1E7A4F7556}") = "Library.Weather", "..\Library\Weather\Library.Weather.csproj", "{E838957F-525C-4755-9279-054AA8869737}"
EndProject
Project("{9A19103F-16F7-4668-BE54-9A1E7A4F7556}") = "Library.StockMarket", "..\Library\StockMarket\Library.StockMarket.csproj", "{1507BF39-7897-40A6-9BF1-729BE3DEA5E4}"
EndProject
Project("{9A19103F-16F7-4668-BE54-9A1E7A4F7556}") = "Library.Base", "..\Library\Base\Library.Base.csproj", "{CF1842EF-4018-479B-8655-E295A5B2E1C6}"
EndProject
Project("{9A19103F-16F7-4668-BE54-9A1E7A4F7556}") = "Library.Programming", "..\Library\Programming\Library.Programming.csproj", "{F435E291-8FF7-4A96-83B1-E098D4B30242}"
EndProject
Global
	GlobalSection(SolutionConfigurationPlatforms) = preSolution
		Debug|Any CPU = Debug|Any CPU
		Release|Any CPU = Release|Any CPU
	EndGlobalSection
	GlobalSection(ProjectConfigurationPlatforms) = postSolution
		{C3D2DE8D-CDD4-40EF-8537-B82FF2A48987}.Debug|Any CPU.ActiveCfg = Debug|Any CPU
		{C3D2DE8D-CDD4-40EF-8537-B82FF2A48987}.Debug|Any CPU.Build.0 = Debug|Any CPU
		{C3D2DE8D-CDD4-40EF-8537-B82FF2A48987}.Release|Any CPU.ActiveCfg = Release|Any CPU
		{C3D2DE8D-CDD4-40EF-8537-B82FF2A48987}.Release|Any CPU.Build.0 = Release|Any CPU
		{E649E5D2-6207-4F52-A214-1E02A274517F}.Debug|Any CPU.ActiveCfg = Debug|Any CPU
		{E649E5D2-6207-4F52-A214-1E02A274517F}.Debug|Any CPU.Build.0 = Debug|Any CPU
		{E649E5D2-6207-4F52-A214-1E02A274517F}.Release|Any CPU.ActiveCfg = Release|Any CPU
		{E649E5D2-6207-4F52-A214-1E02A274517F}.Release|Any CPU.Build.0 = Release|Any CPU
		{ED53EA6A-F832-4B18-A773-DE86B76C70CB}.Debug|Any CPU.ActiveCfg = Debug|Any CPU
		{ED53EA6A-F832-4B18-A773-DE86B76C70CB}.Debug|Any CPU.Build.0 = Debug|Any CPU
		{ED53EA6A-F832-4B18-A773-DE86B76C70CB}.Release|Any CPU.ActiveCfg = Release|Any CPU
		{ED53EA6A-F832-4B18-A773-DE86B76C70CB}.Release|Any CPU.Build.0 = Release|Any CPU
		{6E7C3302-AAF3-4894-B692-0B36F893013D}.Debug|Any CPU.ActiveCfg = Debug|Any CPU
		{6E7C3302-AAF3-4894-B692-0B36F893013D}.Debug|Any CPU.Build.0 = Debug|Any CPU
		{6E7C3302-AAF3-4894-B692-0B36F893013D}.Release|Any CPU.ActiveCfg = Release|Any CPU
		{6E7C3302-AAF3-4894-B692-0B36F893013D}.Release|Any CPU.Build.0 = Release|Any CPU
		{E838957F-525C-4755-9279-054AA8869737}.Debug|Any CPU.ActiveCfg = Debug|Any CPU
		{E838957F-525C-4755-9279-054AA8869737}.Debug|Any CPU.Build.0 = Debug|Any CPU
		{E838957F-525C-4755-9279-054AA8869737}.Release|Any CPU.ActiveCfg = Release|Any CPU
		{E838957F-525C-4755-9279-054AA8869737}.Release|Any CPU.Build.0 = Release|Any CPU
		{1507BF39-7897-40A6-9BF1-729BE3DEA5E4}.Debug|Any CPU.ActiveCfg = Debug|Any CPU
		{1507BF39-7897-40A6-9BF1-729BE3DEA5E4}.Debug|Any CPU.Build.0 = Debug|Any CPU
		{1507BF39-7897-40A6-9BF1-729BE3DEA5E4}.Release|Any CPU.ActiveCfg = Release|Any CPU
		{1507BF39-7897-40A6-9BF1-729BE3DEA5E4}.Release|Any CPU.Build.0 = Release|Any CPU
		{CF1842EF-4018-479B-8655-E295A5B2E1C6}.Debug|Any CPU.ActiveCfg = Debug|Any CPU
		{CF1842EF-4018-479B-8655-E295A5B2E1C6}.Debug|Any CPU.Build.0 = Debug|Any CPU
		{CF1842EF-4018-479B-8655-E295A5B2E1C6}.Release|Any CPU.ActiveCfg = Release|Any CPU
		{CF1842EF-4018-479B-8655-E295A5B2E1C6}.Release|Any CPU.Build.0 = Release|Any CPU
		{F435E291-8FF7-4A96-83B1-E098D4B30242}.Debug|Any CPU.ActiveCfg = Debug|Any CPU
		{F435E291-8FF7-4A96-83B1-E098D4B30242}.Debug|Any CPU.Build.0 = Debug|Any CPU
		{F435E291-8FF7-4A96-83B1-E098D4B30242}.Release|Any CPU.ActiveCfg = Release|Any CPU
		{F435E291-8FF7-4A96-83B1-E098D4B30242}.Release|Any CPU.Build.0 = Release|Any CPU
	EndGlobalSection
	GlobalSection(SolutionProperties) = preSolution
		HideSolutionNode = FALSE
	EndGlobalSection
	GlobalSection(ExtensibilityGlobals) = postSolution
		SolutionGuid = {A80E3FDF-3007-4FC1-AACB-7E3E567A3716}
	EndGlobalSection
EndGlobal
